
Microsoft Visual Studio Solution File, Format Version 12.00
# Visual Studio Version 17
VisualStudioVersion = 17.8.34316.72
MinimumVisualStudioVersion = 10.0.40219.1
Project("{FAE04EC0-301F-11D3-BF4B-00C04F79EFBC}") = "BeginnerOOP", "BeginnerOOP.csproj", "{F4BCC4CA-62B5-45CE-B933-67EC55EAB5DE}"
EndProject
Project("{FAE04EC0-301F-11D3-BF4B-00C04F79EFBC}") = "ClaculationEngine", "..\ClaculationEngine\ClaculationEngine.csproj", "{831F3A60-F010-4ACD-9B4E-F5C2D75B6923}"
EndProject
Global
	GlobalSection(SolutionConfigurationPlatforms) = preSolution
		Debug|Any CPU = Debug|Any CPU
		Release|Any CPU = Release|Any CPU
	EndGlobalSection
	GlobalSection(ProjectConfigurationPlatforms) = postSolution
		{F4BCC4CA-62B5-45CE-B933-67EC55EAB5DE}.Debug|Any CPU.ActiveCfg = Debug|Any CPU
		{F4BCC4CA-62B5-45CE-B933-67EC55EAB5DE}.Debug|Any CPU.Build.0 = Debug|Any CPU
		{F4BCC4CA-62B5-45CE-B933-67EC55EAB5DE}.Release|Any CPU.ActiveCfg = Release|Any CPU
		{F4BCC4CA-62B5-45CE-B933-67EC55EAB5DE}.Release|Any CPU.Build.0 = Release|Any CPU
		{831F3A60-F010-4ACD-9B4E-F5C2D75B6923}.Debug|Any CPU.ActiveCfg = Debug|Any CPU
		{831F3A60-F010-4ACD-9B4E-F5C2D75B6923}.Debug|Any CPU.Build.0 = Debug|Any CPU
		{831F3A60-F010-4ACD-9B4E-F5C2D75B6923}.Release|Any CPU.ActiveCfg = Release|Any CPU
		{831F3A60-F010-4ACD-9B4E-F5C2D75B6923}.Release|Any CPU.Build.0 = Release|Any CPU
	EndGlobalSection
	GlobalSection(SolutionProperties) = preSolution
		HideSolutionNode = FALSE
	EndGlobalSection
	GlobalSection(ExtensibilityGlobals) = postSolution
		SolutionGuid = {D1FFCDE0-2C5D-425E-BAD1-D730C1C0C4E6}
	EndGlobalSection
EndGlobal
